
Microsoft Visual Studio Solution File, Format Version 12.00
# Visual Studio Version 16
VisualStudioVersion = 16.0.30711.63
MinimumVisualStudioVersion = 10.0.40219.1
Project("{FAE04EC0-301F-11D3-BF4B-00C04F79EFBC}") = "LocalDatabase_Server", "LocalDatabase_Server.csproj", "{C23EE340-9172-4615-ABF6-2F21BD35EACA}"
EndProject
Global
	GlobalSection(SolutionConfigurationPlatforms) = preSolution
		Debug|Any CPU = Debug|Any CPU
		Release|Any CPU = Release|Any CPU
	EndGlobalSection
	GlobalSection(ProjectConfigurationPlatforms) = postSolution
		{C23EE340-9172-4615-ABF6-2F21BD35EACA}.Debug|Any CPU.ActiveCfg = Debug|Any CPU
		{C23EE340-9172-4615-ABF6-2F21BD35EACA}.Debug|Any CPU.Build.0 = Debug|Any CPU
		{C23EE340-9172-4615-ABF6-2F21BD35EACA}.Release|Any CPU.ActiveCfg = Release|Any CPU
		{C23EE340-9172-4615-ABF6-2F21BD35EACA}.Release|Any CPU.Build.0 = Release|Any CPU
	EndGlobalSection
	GlobalSection(SolutionProperties) = preSolution
		HideSolutionNode = FALSE
	EndGlobalSection
	GlobalSection(ExtensibilityGlobals) = postSolution
		SolutionGuid = {35A5D1A7-1C8C-4012-B10A-50E814DDF1BA}
	EndGlobalSection
EndGlobal
